// !$*UTF8*$!
{
	archiveVersion = 1;
	classes = {
	};
	objectVersion = 50;
	objects = {

/* Begin PBXBuildFile section */
		42457F4421388C9400D985A2 /* UpdateSettingsVC.swift in Sources */ = {isa = PBXBuildFile; fileRef = 42457F4321388C9400D985A2 /* UpdateSettingsVC.swift */; };
		42457F4621388CB600D985A2 /* AddVendorVC.swift in Sources */ = {isa = PBXBuildFile; fileRef = 42457F4521388CB600D985A2 /* AddVendorVC.swift */; };
		42457F4821388CD300D985A2 /* AddProductVC.swift in Sources */ = {isa = PBXBuildFile; fileRef = 42457F4721388CD300D985A2 /* AddProductVC.swift */; };
		42CC6BE62127483300B06418 /* AppDelegate.swift in Sources */ = {isa = PBXBuildFile; fileRef = 42CC6BE52127483300B06418 /* AppDelegate.swift */; };
		42CC6BE82127483400B06418 /* SigninVC.swift in Sources */ = {isa = PBXBuildFile; fileRef = 42CC6BE72127483400B06418 /* SigninVC.swift */; };
		42CC6BEB2127483400B06418 /* Main.storyboard in Resources */ = {isa = PBXBuildFile; fileRef = 42CC6BE92127483400B06418 /* Main.storyboard */; };
		42CC6BED2127484700B06418 /* Assets.xcassets in Resources */ = {isa = PBXBuildFile; fileRef = 42CC6BEC2127484700B06418 /* Assets.xcassets */; };
		42CC6BF02127484800B06418 /* LaunchScreen.storyboard in Resources */ = {isa = PBXBuildFile; fileRef = 42CC6BEE2127484800B06418 /* LaunchScreen.storyboard */; };
		42CC6BFB2127484800B06418 /* ConstructionTests.swift in Sources */ = {isa = PBXBuildFile; fileRef = 42CC6BFA2127484800B06418 /* ConstructionTests.swift */; };
		42CC6C062127484800B06418 /* ConstructionUITests.swift in Sources */ = {isa = PBXBuildFile; fileRef = 42CC6C052127484800B06418 /* ConstructionUITests.swift */; };
		42CC6C1D2127673700B06418 /* ConstructionTextField.swift in Sources */ = {isa = PBXBuildFile; fileRef = 42CC6C1C2127673700B06418 /* ConstructionTextField.swift */; };
		42CC6C1F21276F1500B06418 /* Helper.swift in Sources */ = {isa = PBXBuildFile; fileRef = 42CC6C1E21276F1500B06418 /* Helper.swift */; };
		42CC6C212127721F00B06418 /* DashboardVC.swift in Sources */ = {isa = PBXBuildFile; fileRef = 42CC6C202127721F00B06418 /* DashboardVC.swift */; };
		42CC6C252127725200B06418 /* ProspectsVC.swift in Sources */ = {isa = PBXBuildFile; fileRef = 42CC6C242127725200B06418 /* ProspectsVC.swift */; };
		42CC6C272127727300B06418 /* EstimateVC.swift in Sources */ = {isa = PBXBuildFile; fileRef = 42CC6C262127727300B06418 /* EstimateVC.swift */; };
		42CC6C292127728800B06418 /* MoreVC.swift in Sources */ = {isa = PBXBuildFile; fileRef = 42CC6C282127728800B06418 /* MoreVC.swift */; };
		42CC6C2B212773A200B06418 /* ColorUtil.swift in Sources */ = {isa = PBXBuildFile; fileRef = 42CC6C2A212773A200B06418 /* ColorUtil.swift */; };
		42D1EB3A213D5DD8009D4B0B /* AddProductVendorsVC.swift in Sources */ = {isa = PBXBuildFile; fileRef = 42D1EB39213D5DD7009D4B0B /* AddProductVendorsVC.swift */; };
		42D1EB3C213D6819009D4B0B /* ProductVendorsVC.swift in Sources */ = {isa = PBXBuildFile; fileRef = 42D1EB3B213D6819009D4B0B /* ProductVendorsVC.swift */; };
		42D1EB3E213D75A6009D4B0B /* VendorProductsVC.swift in Sources */ = {isa = PBXBuildFile; fileRef = 42D1EB3D213D75A6009D4B0B /* VendorProductsVC.swift */; };
		42D1EB40213DBA19009D4B0B /* AddProductsToVendor.swift in Sources */ = {isa = PBXBuildFile; fileRef = 42D1EB3F213DBA19009D4B0B /* AddProductsToVendor.swift */; };
		42D66B46213C30A200684CF4 /* ProspectDetailsVC.swift in Sources */ = {isa = PBXBuildFile; fileRef = 42D66B45213C30A200684CF4 /* ProspectDetailsVC.swift */; };
		42D66B48213C30B800684CF4 /* AddProspectVC.swift in Sources */ = {isa = PBXBuildFile; fileRef = 42D66B47213C30B800684CF4 /* AddProspectVC.swift */; };
		42EB8F642164FF3200CEF7A5 /* GroupedProductsVC.swift in Sources */ = {isa = PBXBuildFile; fileRef = 42EB8F632164FF3200CEF7A5 /* GroupedProductsVC.swift */; };
		42EB8F6621655E6E00CEF7A5 /* AddEstimateVC.swift in Sources */ = {isa = PBXBuildFile; fileRef = 42EB8F6521655E6E00CEF7A5 /* AddEstimateVC.swift */; };
		42FBB377217840E000088398 /* EstimateDetailsVC.swift in Sources */ = {isa = PBXBuildFile; fileRef = 42FBB376217840DF00088398 /* EstimateDetailsVC.swift */; };
		42FEE8BD2129DEBE0013022B /* ProductsVC.swift in Sources */ = {isa = PBXBuildFile; fileRef = 42FEE8BC2129DEBE0013022B /* ProductsVC.swift */; };
		42FEE8BF2129DEF00013022B /* VendorsVC.swift in Sources */ = {isa = PBXBuildFile; fileRef = 42FEE8BE2129DEF00013022B /* VendorsVC.swift */; };
		42FEE8C12129DF100013022B /* SettingsVC.swift in Sources */ = {isa = PBXBuildFile; fileRef = 42FEE8C02129DF100013022B /* SettingsVC.swift */; };
		42FEE8C42129EFBB0013022B /* UserInfoTVC.swift in Sources */ = {isa = PBXBuildFile; fileRef = 42FEE8C22129EFBB0013022B /* UserInfoTVC.swift */; };
		42FEE8C52129EFBB0013022B /* UserInfoTVC.xib in Resources */ = {isa = PBXBuildFile; fileRef = 42FEE8C32129EFBB0013022B /* UserInfoTVC.xib */; };
		42FEE8C72129F2D50013022B /* VendorDetailsVC.swift in Sources */ = {isa = PBXBuildFile; fileRef = 42FEE8C62129F2D50013022B /* VendorDetailsVC.swift */; };
		42FEE8C92129F8B20013022B /* CustomFunctions.swift in Sources */ = {isa = PBXBuildFile; fileRef = 42FEE8C82129F8B20013022B /* CustomFunctions.swift */; };
		42FEE8CB212A0AA50013022B /* ProductDetailsVC.swift in Sources */ = {isa = PBXBuildFile; fileRef = 42FEE8CA212A0AA40013022B /* ProductDetailsVC.swift */; };
		42FFFC0A2138E12B009DBFD0 /* AddParamsVC.swift in Sources */ = {isa = PBXBuildFile; fileRef = 42FFFC092138E12B009DBFD0 /* AddParamsVC.swift */; };
		872811F821ADBF120012D803 /* ProductInfoTVCell.swift in Sources */ = {isa = PBXBuildFile; fileRef = 872811F621ADBF120012D803 /* ProductInfoTVCell.swift */; };
		872811F921ADBF120012D803 /* ProductInfoTVCell.xib in Resources */ = {isa = PBXBuildFile; fileRef = 872811F721ADBF120012D803 /* ProductInfoTVCell.xib */; };
		87566945216F9FC4005D32DE /* EstimateTVCell.swift in Sources */ = {isa = PBXBuildFile; fileRef = 87566944216F9FC4005D32DE /* EstimateTVCell.swift */; };
		8778687B217FB2AA000F38B2 /* AddEstimateProductTVCell.swift in Sources */ = {isa = PBXBuildFile; fileRef = 87786879217FB2AA000F38B2 /* AddEstimateProductTVCell.swift */; };
		8778687C217FB2AA000F38B2 /* AddEstimateProductTVCell.xib in Resources */ = {isa = PBXBuildFile; fileRef = 8778687A217FB2AA000F38B2 /* AddEstimateProductTVCell.xib */; };
		879AED66217B2CCF006D9DC2 /* PDFViewVC.swift in Sources */ = {isa = PBXBuildFile; fileRef = 879AED65217B2CCF006D9DC2 /* PDFViewVC.swift */; };
		879AED6B217B403F006D9DC2 /* invoice.html in Resources */ = {isa = PBXBuildFile; fileRef = 879AED68217B403E006D9DC2 /* invoice.html */; };
		879AED6C217B403F006D9DC2 /* single_item.html in Resources */ = {isa = PBXBuildFile; fileRef = 879AED69217B403E006D9DC2 /* single_item.html */; };
		879AED6D217B403F006D9DC2 /* last_item.html in Resources */ = {isa = PBXBuildFile; fileRef = 879AED6A217B403F006D9DC2 /* last_item.html */; };
		879AED6F217B40BA006D9DC2 /* InvoiceComposer.swift in Sources */ = {isa = PBXBuildFile; fileRef = 879AED6E217B40BA006D9DC2 /* InvoiceComposer.swift */; };
		879AED71217B40CF006D9DC2 /* CustomPrintPageRenderer.swift in Sources */ = {isa = PBXBuildFile; fileRef = 879AED70217B40CF006D9DC2 /* CustomPrintPageRenderer.swift */; };
		87A44F6F21654C7B008D043F /* NotesVC.swift in Sources */ = {isa = PBXBuildFile; fileRef = 87A44F6E21654C7B008D043F /* NotesVC.swift */; };
		87A44F7221654EC5008D043F /* NotesTVCell.swift in Sources */ = {isa = PBXBuildFile; fileRef = 87A44F7021654EC5008D043F /* NotesTVCell.swift */; };
		87A44F7321654EC5008D043F /* NotesTVCell.xib in Resources */ = {isa = PBXBuildFile; fileRef = 87A44F7121654EC5008D043F /* NotesTVCell.xib */; };
		87A44F7521655A70008D043F /* AddNotesVC.swift in Sources */ = {isa = PBXBuildFile; fileRef = 87A44F7421655A70008D043F /* AddNotesVC.swift */; };
		87A44F772166BAE9008D043F /* AddEstimateFieldsCell.swift in Sources */ = {isa = PBXBuildFile; fileRef = 87A44F762166BAE9008D043F /* AddEstimateFieldsCell.swift */; };
		CA1B819821674C9500493B55 /* RelativeProbabilitiesVC.swift in Sources */ = {isa = PBXBuildFile; fileRef = CA1B819721674C9500493B55 /* RelativeProbabilitiesVC.swift */; };
		CA1B819A21674CB100493B55 /* DashboardEstimateVC.swift in Sources */ = {isa = PBXBuildFile; fileRef = CA1B819921674CB100493B55 /* DashboardEstimateVC.swift */; };
		CA1B819C21674CC300493B55 /* ForcastedVolumesVC.swift in Sources */ = {isa = PBXBuildFile; fileRef = CA1B819B21674CC300493B55 /* ForcastedVolumesVC.swift */; };
		CA1B819F2167B6DC00493B55 /* ProductMainTVCell.swift in Sources */ = {isa = PBXBuildFile; fileRef = CA1B819D2167B6DC00493B55 /* ProductMainTVCell.swift */; };
		CA1B81A02167B6DC00493B55 /* ProductMainTVCell.xib in Resources */ = {isa = PBXBuildFile; fileRef = CA1B819E2167B6DC00493B55 /* ProductMainTVCell.xib */; };
		CA1B81A22167BBB100493B55 /* AddEstimateSettingsVC.swift in Sources */ = {isa = PBXBuildFile; fileRef = CA1B81A12167BBB100493B55 /* AddEstimateSettingsVC.swift */; };
		CA3F945C9652C503B4C2D42D /* Pods_Construction.framework in Frameworks */ = {isa = PBXBuildFile; fileRef = AA74A6D9283DFCCBDE33DFF0 /* Pods_Construction.framework */; };
		CA991171212A9EF60091AB7D /* Extensions.swift in Sources */ = {isa = PBXBuildFile; fileRef = CA991170212A9EF60091AB7D /* Extensions.swift */; };
		CA991173212A9FC60091AB7D /* AlamofireRequestFetch.swift in Sources */ = {isa = PBXBuildFile; fileRef = CA991172212A9FC60091AB7D /* AlamofireRequestFetch.swift */; };
		CA991175212A9FCF0091AB7D /* NetworkManager.swift in Sources */ = {isa = PBXBuildFile; fileRef = CA991174212A9FCF0091AB7D /* NetworkManager.swift */; };
		CA99117C212AA3BC0091AB7D /* Models.swift in Sources */ = {isa = PBXBuildFile; fileRef = CA99117B212AA3BC0091AB7D /* Models.swift */; };
/* End PBXBuildFile section */

/* Begin PBXContainerItemProxy section */
		42CC6BF72127484800B06418 /* PBXContainerItemProxy */ = {
			isa = PBXContainerItemProxy;
			containerPortal = 42CC6BDA2127483300B06418 /* Project object */;
			proxyType = 1;
			remoteGlobalIDString = 42CC6BE12127483300B06418;
			remoteInfo = Construction;
		};
		42CC6C022127484800B06418 /* PBXContainerItemProxy */ = {
			isa = PBXContainerItemProxy;
			containerPortal = 42CC6BDA2127483300B06418 /* Project object */;
			proxyType = 1;
			remoteGlobalIDString = 42CC6BE12127483300B06418;
			remoteInfo = Construction;
		};
/* End PBXContainerItemProxy section */

/* Begin PBXFileReference section */
		42457F4321388C9400D985A2 /* UpdateSettingsVC.swift */ = {isa = PBXFileReference; lastKnownFileType = sourcecode.swift; path = UpdateSettingsVC.swift; sourceTree = "<group>"; };
		42457F4521388CB600D985A2 /* AddVendorVC.swift */ = {isa = PBXFileReference; lastKnownFileType = sourcecode.swift; path = AddVendorVC.swift; sourceTree = "<group>"; };
		42457F4721388CD300D985A2 /* AddProductVC.swift */ = {isa = PBXFileReference; lastKnownFileType = sourcecode.swift; path = AddProductVC.swift; sourceTree = "<group>"; };
		42CC6BE22127483300B06418 /* Construction.app */ = {isa = PBXFileReference; explicitFileType = wrapper.application; includeInIndex = 0; path = Construction.app; sourceTree = BUILT_PRODUCTS_DIR; };
		42CC6BE52127483300B06418 /* AppDelegate.swift */ = {isa = PBXFileReference; lastKnownFileType = sourcecode.swift; path = AppDelegate.swift; sourceTree = "<group>"; };
		42CC6BE72127483400B06418 /* SigninVC.swift */ = {isa = PBXFileReference; lastKnownFileType = sourcecode.swift; path = SigninVC.swift; sourceTree = "<group>"; };
		42CC6BEA2127483400B06418 /* Base */ = {isa = PBXFileReference; lastKnownFileType = file.storyboard; name = Base; path = Base.lproj/Main.storyboard; sourceTree = "<group>"; };
		42CC6BEC2127484700B06418 /* Assets.xcassets */ = {isa = PBXFileReference; lastKnownFileType = folder.assetcatalog; path = Assets.xcassets; sourceTree = "<group>"; };
		42CC6BEF2127484800B06418 /* Base */ = {isa = PBXFileReference; lastKnownFileType = file.storyboard; name = Base; path = Base.lproj/LaunchScreen.storyboard; sourceTree = "<group>"; };
		42CC6BF12127484800B06418 /* Info.plist */ = {isa = PBXFileReference; lastKnownFileType = text.plist.xml; path = Info.plist; sourceTree = "<group>"; };
		42CC6BF62127484800B06418 /* ConstructionTests.xctest */ = {isa = PBXFileReference; explicitFileType = wrapper.cfbundle; includeInIndex = 0; path = ConstructionTests.xctest; sourceTree = BUILT_PRODUCTS_DIR; };
		42CC6BFA2127484800B06418 /* ConstructionTests.swift */ = {isa = PBXFileReference; lastKnownFileType = sourcecode.swift; path = ConstructionTests.swift; sourceTree = "<group>"; };
		42CC6BFC2127484800B06418 /* Info.plist */ = {isa = PBXFileReference; lastKnownFileType = text.plist.xml; path = Info.plist; sourceTree = "<group>"; };
		42CC6C012127484800B06418 /* ConstructionUITests.xctest */ = {isa = PBXFileReference; explicitFileType = wrapper.cfbundle; includeInIndex = 0; path = ConstructionUITests.xctest; sourceTree = BUILT_PRODUCTS_DIR; };
		42CC6C052127484800B06418 /* ConstructionUITests.swift */ = {isa = PBXFileReference; lastKnownFileType = sourcecode.swift; path = ConstructionUITests.swift; sourceTree = "<group>"; };
		42CC6C072127484800B06418 /* Info.plist */ = {isa = PBXFileReference; lastKnownFileType = text.plist.xml; path = Info.plist; sourceTree = "<group>"; };
		42CC6C1C2127673700B06418 /* ConstructionTextField.swift */ = {isa = PBXFileReference; lastKnownFileType = sourcecode.swift; path = ConstructionTextField.swift; sourceTree = "<group>"; };
		42CC6C1E21276F1500B06418 /* Helper.swift */ = {isa = PBXFileReference; lastKnownFileType = sourcecode.swift; path = Helper.swift; sourceTree = "<group>"; };
		42CC6C202127721F00B06418 /* DashboardVC.swift */ = {isa = PBXFileReference; lastKnownFileType = sourcecode.swift; path = DashboardVC.swift; sourceTree = "<group>"; };
		42CC6C242127725200B06418 /* ProspectsVC.swift */ = {isa = PBXFileReference; lastKnownFileType = sourcecode.swift; path = ProspectsVC.swift; sourceTree = "<group>"; };
		42CC6C262127727300B06418 /* EstimateVC.swift */ = {isa = PBXFileReference; lastKnownFileType = sourcecode.swift; path = EstimateVC.swift; sourceTree = "<group>"; };
		42CC6C282127728800B06418 /* MoreVC.swift */ = {isa = PBXFileReference; lastKnownFileType = sourcecode.swift; path = MoreVC.swift; sourceTree = "<group>"; };
		42CC6C2A212773A200B06418 /* ColorUtil.swift */ = {isa = PBXFileReference; lastKnownFileType = sourcecode.swift; path = ColorUtil.swift; sourceTree = "<group>"; };
		42D1EB39213D5DD7009D4B0B /* AddProductVendorsVC.swift */ = {isa = PBXFileReference; lastKnownFileType = sourcecode.swift; path = AddProductVendorsVC.swift; sourceTree = "<group>"; };
		42D1EB3B213D6819009D4B0B /* ProductVendorsVC.swift */ = {isa = PBXFileReference; lastKnownFileType = sourcecode.swift; path = ProductVendorsVC.swift; sourceTree = "<group>"; };
		42D1EB3D213D75A6009D4B0B /* VendorProductsVC.swift */ = {isa = PBXFileReference; lastKnownFileType = sourcecode.swift; path = VendorProductsVC.swift; sourceTree = "<group>"; };
		42D1EB3F213DBA19009D4B0B /* AddProductsToVendor.swift */ = {isa = PBXFileReference; lastKnownFileType = sourcecode.swift; path = AddProductsToVendor.swift; sourceTree = "<group>"; };
		42D66B45213C30A200684CF4 /* ProspectDetailsVC.swift */ = {isa = PBXFileReference; lastKnownFileType = sourcecode.swift; path = ProspectDetailsVC.swift; sourceTree = "<group>"; };
		42D66B47213C30B800684CF4 /* AddProspectVC.swift */ = {isa = PBXFileReference; lastKnownFileType = sourcecode.swift; path = AddProspectVC.swift; sourceTree = "<group>"; };
		42EB8F632164FF3200CEF7A5 /* GroupedProductsVC.swift */ = {isa = PBXFileReference; lastKnownFileType = sourcecode.swift; path = GroupedProductsVC.swift; sourceTree = "<group>"; };
		42EB8F6521655E6E00CEF7A5 /* AddEstimateVC.swift */ = {isa = PBXFileReference; lastKnownFileType = sourcecode.swift; path = AddEstimateVC.swift; sourceTree = "<group>"; };
		42FBB376217840DF00088398 /* EstimateDetailsVC.swift */ = {isa = PBXFileReference; lastKnownFileType = sourcecode.swift; path = EstimateDetailsVC.swift; sourceTree = "<group>"; };
		42FEE8BC2129DEBE0013022B /* ProductsVC.swift */ = {isa = PBXFileReference; lastKnownFileType = sourcecode.swift; path = ProductsVC.swift; sourceTree = "<group>"; };
		42FEE8BE2129DEF00013022B /* VendorsVC.swift */ = {isa = PBXFileReference; lastKnownFileType = sourcecode.swift; path = VendorsVC.swift; sourceTree = "<group>"; };
		42FEE8C02129DF100013022B /* SettingsVC.swift */ = {isa = PBXFileReference; lastKnownFileType = sourcecode.swift; path = SettingsVC.swift; sourceTree = "<group>"; };
		42FEE8C22129EFBB0013022B /* UserInfoTVC.swift */ = {isa = PBXFileReference; lastKnownFileType = sourcecode.swift; path = UserInfoTVC.swift; sourceTree = "<group>"; };
		42FEE8C32129EFBB0013022B /* UserInfoTVC.xib */ = {isa = PBXFileReference; lastKnownFileType = file.xib; path = UserInfoTVC.xib; sourceTree = "<group>"; };
		42FEE8C62129F2D50013022B /* VendorDetailsVC.swift */ = {isa = PBXFileReference; lastKnownFileType = sourcecode.swift; path = VendorDetailsVC.swift; sourceTree = "<group>"; };
		42FEE8C82129F8B20013022B /* CustomFunctions.swift */ = {isa = PBXFileReference; lastKnownFileType = sourcecode.swift; path = CustomFunctions.swift; sourceTree = "<group>"; };
		42FEE8CA212A0AA40013022B /* ProductDetailsVC.swift */ = {isa = PBXFileReference; lastKnownFileType = sourcecode.swift; path = ProductDetailsVC.swift; sourceTree = "<group>"; };
		42FFFC092138E12B009DBFD0 /* AddParamsVC.swift */ = {isa = PBXFileReference; lastKnownFileType = sourcecode.swift; path = AddParamsVC.swift; sourceTree = "<group>"; };
		6B8B3CD9C8D5E65A750AB6B3 /* Pods_ConstructionUITests.framework */ = {isa = PBXFileReference; explicitFileType = wrapper.framework; includeInIndex = 0; path = Pods_ConstructionUITests.framework; sourceTree = BUILT_PRODUCTS_DIR; };
		872811F621ADBF120012D803 /* ProductInfoTVCell.swift */ = {isa = PBXFileReference; lastKnownFileType = sourcecode.swift; path = ProductInfoTVCell.swift; sourceTree = "<group>"; };
		872811F721ADBF120012D803 /* ProductInfoTVCell.xib */ = {isa = PBXFileReference; lastKnownFileType = file.xib; path = ProductInfoTVCell.xib; sourceTree = "<group>"; };
		87566944216F9FC4005D32DE /* EstimateTVCell.swift */ = {isa = PBXFileReference; lastKnownFileType = sourcecode.swift; path = EstimateTVCell.swift; sourceTree = "<group>"; };
		87786879217FB2AA000F38B2 /* AddEstimateProductTVCell.swift */ = {isa = PBXFileReference; lastKnownFileType = sourcecode.swift; path = AddEstimateProductTVCell.swift; sourceTree = "<group>"; };
		8778687A217FB2AA000F38B2 /* AddEstimateProductTVCell.xib */ = {isa = PBXFileReference; lastKnownFileType = file.xib; path = AddEstimateProductTVCell.xib; sourceTree = "<group>"; };
		879AED65217B2CCF006D9DC2 /* PDFViewVC.swift */ = {isa = PBXFileReference; lastKnownFileType = sourcecode.swift; path = PDFViewVC.swift; sourceTree = "<group>"; };
		879AED68217B403E006D9DC2 /* invoice.html */ = {isa = PBXFileReference; fileEncoding = 4; lastKnownFileType = text.html; path = invoice.html; sourceTree = "<group>"; };
		879AED69217B403E006D9DC2 /* single_item.html */ = {isa = PBXFileReference; fileEncoding = 4; lastKnownFileType = text.html; path = single_item.html; sourceTree = "<group>"; };
		879AED6A217B403F006D9DC2 /* last_item.html */ = {isa = PBXFileReference; fileEncoding = 4; lastKnownFileType = text.html; path = last_item.html; sourceTree = "<group>"; };
		879AED6E217B40BA006D9DC2 /* InvoiceComposer.swift */ = {isa = PBXFileReference; fileEncoding = 4; lastKnownFileType = sourcecode.swift; path = InvoiceComposer.swift; sourceTree = "<group>"; };
		879AED70217B40CF006D9DC2 /* CustomPrintPageRenderer.swift */ = {isa = PBXFileReference; fileEncoding = 4; lastKnownFileType = sourcecode.swift; path = CustomPrintPageRenderer.swift; sourceTree = "<group>"; };
		87A44F6E21654C7B008D043F /* NotesVC.swift */ = {isa = PBXFileReference; lastKnownFileType = sourcecode.swift; path = NotesVC.swift; sourceTree = "<group>"; };
		87A44F7021654EC5008D043F /* NotesTVCell.swift */ = {isa = PBXFileReference; lastKnownFileType = sourcecode.swift; path = NotesTVCell.swift; sourceTree = "<group>"; };
		87A44F7121654EC5008D043F /* NotesTVCell.xib */ = {isa = PBXFileReference; lastKnownFileType = file.xib; path = NotesTVCell.xib; sourceTree = "<group>"; };
		87A44F7421655A70008D043F /* AddNotesVC.swift */ = {isa = PBXFileReference; lastKnownFileType = sourcecode.swift; path = AddNotesVC.swift; sourceTree = "<group>"; };
		87A44F762166BAE9008D043F /* AddEstimateFieldsCell.swift */ = {isa = PBXFileReference; fileEncoding = 4; lastKnownFileType = sourcecode.swift; path = AddEstimateFieldsCell.swift; sourceTree = "<group>"; };
		A0DD9B1E0D356ED4D7D7279A /* Pods_ConstructionTests.framework */ = {isa = PBXFileReference; explicitFileType = wrapper.framework; includeInIndex = 0; path = Pods_ConstructionTests.framework; sourceTree = BUILT_PRODUCTS_DIR; };
		AA74A6D9283DFCCBDE33DFF0 /* Pods_Construction.framework */ = {isa = PBXFileReference; explicitFileType = wrapper.framework; includeInIndex = 0; path = Pods_Construction.framework; sourceTree = BUILT_PRODUCTS_DIR; };
		CA1B819721674C9500493B55 /* RelativeProbabilitiesVC.swift */ = {isa = PBXFileReference; lastKnownFileType = sourcecode.swift; path = RelativeProbabilitiesVC.swift; sourceTree = "<group>"; };
		CA1B819921674CB100493B55 /* DashboardEstimateVC.swift */ = {isa = PBXFileReference; lastKnownFileType = sourcecode.swift; path = DashboardEstimateVC.swift; sourceTree = "<group>"; };
		CA1B819B21674CC300493B55 /* ForcastedVolumesVC.swift */ = {isa = PBXFileReference; lastKnownFileType = sourcecode.swift; path = ForcastedVolumesVC.swift; sourceTree = "<group>"; };
		CA1B819D2167B6DC00493B55 /* ProductMainTVCell.swift */ = {isa = PBXFileReference; lastKnownFileType = sourcecode.swift; path = ProductMainTVCell.swift; sourceTree = "<group>"; };
		CA1B819E2167B6DC00493B55 /* ProductMainTVCell.xib */ = {isa = PBXFileReference; lastKnownFileType = file.xib; path = ProductMainTVCell.xib; sourceTree = "<group>"; };
		CA1B81A12167BBB100493B55 /* AddEstimateSettingsVC.swift */ = {isa = PBXFileReference; lastKnownFileType = sourcecode.swift; path = AddEstimateSettingsVC.swift; sourceTree = "<group>"; };
		CA75B2F5B3793EC2A9668F8C /* Pods-Construction.debug.xcconfig */ = {isa = PBXFileReference; includeInIndex = 1; lastKnownFileType = text.xcconfig; name = "Pods-Construction.debug.xcconfig"; path = "Pods/Target Support Files/Pods-Construction/Pods-Construction.debug.xcconfig"; sourceTree = "<group>"; };
		CA991170212A9EF60091AB7D /* Extensions.swift */ = {isa = PBXFileReference; fileEncoding = 4; lastKnownFileType = sourcecode.swift; path = Extensions.swift; sourceTree = "<group>"; };
		CA991172212A9FC60091AB7D /* AlamofireRequestFetch.swift */ = {isa = PBXFileReference; fileEncoding = 4; lastKnownFileType = sourcecode.swift; path = AlamofireRequestFetch.swift; sourceTree = "<group>"; };
		CA991174212A9FCF0091AB7D /* NetworkManager.swift */ = {isa = PBXFileReference; fileEncoding = 4; lastKnownFileType = sourcecode.swift; path = NetworkManager.swift; sourceTree = "<group>"; };
		CA99117B212AA3BC0091AB7D /* Models.swift */ = {isa = PBXFileReference; lastKnownFileType = sourcecode.swift; path = Models.swift; sourceTree = "<group>"; };
		F8083E6FC536F3A803355250 /* Pods-Construction.release.xcconfig */ = {isa = PBXFileReference; includeInIndex = 1; lastKnownFileType = text.xcconfig; name = "Pods-Construction.release.xcconfig"; path = "Pods/Target Support Files/Pods-Construction/Pods-Construction.release.xcconfig"; sourceTree = "<group>"; };
/* End PBXFileReference section */

/* Begin PBXFrameworksBuildPhase section */
		42CC6BDF2127483300B06418 /* Frameworks */ = {
			isa = PBXFrameworksBuildPhase;
			buildActionMask = 2147483647;
			files = (
				CA3F945C9652C503B4C2D42D /* Pods_Construction.framework in Frameworks */,
			);
			runOnlyForDeploymentPostprocessing = 0;
		};
		42CC6BF32127484800B06418 /* Frameworks */ = {
			isa = PBXFrameworksBuildPhase;
			buildActionMask = 2147483647;
			files = (
			);
			runOnlyForDeploymentPostprocessing = 0;
		};
		42CC6BFE2127484800B06418 /* Frameworks */ = {
			isa = PBXFrameworksBuildPhase;
			buildActionMask = 2147483647;
			files = (
			);
			runOnlyForDeploymentPostprocessing = 0;
		};
/* End PBXFrameworksBuildPhase section */

/* Begin PBXGroup section */
		367F995CFC6CBBB3E256BA06 /* Pods */ = {
			isa = PBXGroup;
			children = (
				CA75B2F5B3793EC2A9668F8C /* Pods-Construction.debug.xcconfig */,
				F8083E6FC536F3A803355250 /* Pods-Construction.release.xcconfig */,
			);
			name = Pods;
			sourceTree = "<group>";
		};
		42CC6BD92127483300B06418 = {
			isa = PBXGroup;
			children = (
				42CC6BE42127483300B06418 /* Construction */,
				42CC6BF92127484800B06418 /* ConstructionTests */,
				42CC6C042127484800B06418 /* ConstructionUITests */,
				42CC6BE32127483300B06418 /* Products */,
				367F995CFC6CBBB3E256BA06 /* Pods */,
				DC6982B55434598F0184D718 /* Frameworks */,
			);
			sourceTree = "<group>";
		};
		42CC6BE32127483300B06418 /* Products */ = {
			isa = PBXGroup;
			children = (
				42CC6BE22127483300B06418 /* Construction.app */,
				42CC6BF62127484800B06418 /* ConstructionTests.xctest */,
				42CC6C012127484800B06418 /* ConstructionUITests.xctest */,
			);
			name = Products;
			sourceTree = "<group>";
		};
		42CC6BE42127483300B06418 /* Construction */ = {
			isa = PBXGroup;
			children = (
				879AED67217B4030006D9DC2 /* HTML Templates */,
				CA991179212AA39F0091AB7D /* MVC */,
				CA991178212AA33B0091AB7D /* Property List Files */,
				CA991177212AA3350091AB7D /* Assets */,
				CA991176212AA32E0091AB7D /* Application Delegate */,
				42CC6C192127664700B06418 /* Custom Text Fields */,
				42CC6C18212765B800B06418 /* Helper */,
				42CC6C142127644100B06418 /* Storyboard Files */,
			);
			path = Construction;
			sourceTree = "<group>";
		};
		42CC6BF92127484800B06418 /* ConstructionTests */ = {
			isa = PBXGroup;
			children = (
				42CC6BFA2127484800B06418 /* ConstructionTests.swift */,
				42CC6BFC2127484800B06418 /* Info.plist */,
			);
			path = ConstructionTests;
			sourceTree = "<group>";
		};
		42CC6C042127484800B06418 /* ConstructionUITests */ = {
			isa = PBXGroup;
			children = (
				42CC6C052127484800B06418 /* ConstructionUITests.swift */,
				42CC6C072127484800B06418 /* Info.plist */,
			);
			path = ConstructionUITests;
			sourceTree = "<group>";
		};
		42CC6C132127642400B06418 /* Controllers */ = {
			isa = PBXGroup;
			children = (
				879AED65217B2CCF006D9DC2 /* PDFViewVC.swift */,
				87A44F6D21654C68008D043F /* Notes */,
				CAD98125212AD0850035A064 /* More */,
				CAD98124212AD07F0035A064 /* Prospects */,
				CAD98123212AD07A0035A064 /* Estimate */,
				CAD98122212AD0610035A064 /* Dashboard */,
				CAD98121212AD0520035A064 /* Login */,
			);
			path = Controllers;
			sourceTree = "<group>";
		};
		42CC6C142127644100B06418 /* Storyboard Files */ = {
			isa = PBXGroup;
			children = (
				42CC6BE92127483400B06418 /* Main.storyboard */,
				42CC6BEE2127484800B06418 /* LaunchScreen.storyboard */,
			);
			path = "Storyboard Files";
			sourceTree = "<group>";
		};
		42CC6C152127645300B06418 /* View Cells */ = {
			isa = PBXGroup;
			children = (
				42FEE8C22129EFBB0013022B /* UserInfoTVC.swift */,
				42FEE8C32129EFBB0013022B /* UserInfoTVC.xib */,
				87A44F7021654EC5008D043F /* NotesTVCell.swift */,
				87A44F7121654EC5008D043F /* NotesTVCell.xib */,
				CA1B819D2167B6DC00493B55 /* ProductMainTVCell.swift */,
				CA1B819E2167B6DC00493B55 /* ProductMainTVCell.xib */,
				87786879217FB2AA000F38B2 /* AddEstimateProductTVCell.swift */,
				8778687A217FB2AA000F38B2 /* AddEstimateProductTVCell.xib */,
				872811F621ADBF120012D803 /* ProductInfoTVCell.swift */,
				872811F721ADBF120012D803 /* ProductInfoTVCell.xib */,
			);
			path = "View Cells";
			sourceTree = "<group>";
		};
		42CC6C18212765B800B06418 /* Helper */ = {
			isa = PBXGroup;
			children = (
				CA991172212A9FC60091AB7D /* AlamofireRequestFetch.swift */,
				CA991174212A9FCF0091AB7D /* NetworkManager.swift */,
				42CC6C1E21276F1500B06418 /* Helper.swift */,
				42CC6C2A212773A200B06418 /* ColorUtil.swift */,
				CA991170212A9EF60091AB7D /* Extensions.swift */,
				42FEE8C82129F8B20013022B /* CustomFunctions.swift */,
			);
			path = Helper;
			sourceTree = "<group>";
		};
		42CC6C192127664700B06418 /* Custom Text Fields */ = {
			isa = PBXGroup;
			children = (
				42CC6C1C2127673700B06418 /* ConstructionTextField.swift */,
			);
			path = "Custom Text Fields";
			sourceTree = "<group>";
		};
		87566943216F9FAC005D32DE /* Cells */ = {
			isa = PBXGroup;
			children = (
				87566944216F9FC4005D32DE /* EstimateTVCell.swift */,
			);
			path = Cells;
			sourceTree = "<group>";
		};
		879AED67217B4030006D9DC2 /* HTML Templates */ = {
			isa = PBXGroup;
			children = (
				879AED68217B403E006D9DC2 /* invoice.html */,
				879AED6A217B403F006D9DC2 /* last_item.html */,
				879AED69217B403E006D9DC2 /* single_item.html */,
				879AED6E217B40BA006D9DC2 /* InvoiceComposer.swift */,
				879AED70217B40CF006D9DC2 /* CustomPrintPageRenderer.swift */,
			);
			path = "HTML Templates";
			sourceTree = "<group>";
		};
		87A44F6D21654C68008D043F /* Notes */ = {
			isa = PBXGroup;
			children = (
				87A44F6E21654C7B008D043F /* NotesVC.swift */,
				87A44F7421655A70008D043F /* AddNotesVC.swift */,
			);
			path = Notes;
			sourceTree = "<group>";
		};
		CA991176212AA32E0091AB7D /* Application Delegate */ = {
			isa = PBXGroup;
			children = (
				42CC6BE52127483300B06418 /* AppDelegate.swift */,
			);
			path = "Application Delegate";
			sourceTree = "<group>";
		};
		CA991177212AA3350091AB7D /* Assets */ = {
			isa = PBXGroup;
			children = (
				42CC6BEC2127484700B06418 /* Assets.xcassets */,
			);
			path = Assets;
			sourceTree = "<group>";
		};
		CA991178212AA33B0091AB7D /* Property List Files */ = {
			isa = PBXGroup;
			children = (
				42CC6BF12127484800B06418 /* Info.plist */,
			);
			path = "Property List Files";
			sourceTree = "<group>";
		};
		CA991179212AA39F0091AB7D /* MVC */ = {
			isa = PBXGroup;
			children = (
				CA99117A212AA3B40091AB7D /* Models */,
				42CC6C152127645300B06418 /* View Cells */,
				42CC6C132127642400B06418 /* Controllers */,
			);
			path = MVC;
			sourceTree = "<group>";
		};
		CA99117A212AA3B40091AB7D /* Models */ = {
			isa = PBXGroup;
			children = (
				CA99117B212AA3BC0091AB7D /* Models.swift */,
			);
			path = Models;
			sourceTree = "<group>";
		};
		CAD98121212AD0520035A064 /* Login */ = {
			isa = PBXGroup;
			children = (
				42CC6BE72127483400B06418 /* SigninVC.swift */,
			);
			path = Login;
			sourceTree = "<group>";
		};
		CAD98122212AD0610035A064 /* Dashboard */ = {
			isa = PBXGroup;
			children = (
				42CC6C202127721F00B06418 /* DashboardVC.swift */,
				CA1B819721674C9500493B55 /* RelativeProbabilitiesVC.swift */,
				CA1B819921674CB100493B55 /* DashboardEstimateVC.swift */,
				CA1B819B21674CC300493B55 /* ForcastedVolumesVC.swift */,
			);
			path = Dashboard;
			sourceTree = "<group>";
		};
		CAD98123212AD07A0035A064 /* Estimate */ = {
			isa = PBXGroup;
			children = (
				42CC6C262127727300B06418 /* EstimateVC.swift */,
				42EB8F6521655E6E00CEF7A5 /* AddEstimateVC.swift */,
				42FBB376217840DF00088398 /* EstimateDetailsVC.swift */,
				CA1B81A12167BBB100493B55 /* AddEstimateSettingsVC.swift */,
				87A44F762166BAE9008D043F /* AddEstimateFieldsCell.swift */,
				87566943216F9FAC005D32DE /* Cells */,
			);
			path = Estimate;
			sourceTree = "<group>";
		};
		CAD98124212AD07F0035A064 /* Prospects */ = {
			isa = PBXGroup;
			children = (
				42CC6C242127725200B06418 /* ProspectsVC.swift */,
				42D66B45213C30A200684CF4 /* ProspectDetailsVC.swift */,
				42D66B47213C30B800684CF4 /* AddProspectVC.swift */,
			);
			path = Prospects;
			sourceTree = "<group>";
		};
		CAD98125212AD0850035A064 /* More */ = {
			isa = PBXGroup;
			children = (
				42CC6C282127728800B06418 /* MoreVC.swift */,
				CAD98128212AD0B50035A064 /* Settings */,
				CAD98127212AD0A20035A064 /* Vendor */,
				CAD98126212AD09C0035A064 /* Product */,
			);
			path = More;
			sourceTree = "<group>";
		};
		CAD98126212AD09C0035A064 /* Product */ = {
			isa = PBXGroup;
			children = (
				42FEE8BC2129DEBE0013022B /* ProductsVC.swift */,
				42457F4721388CD300D985A2 /* AddProductVC.swift */,
				42FEE8CA212A0AA40013022B /* ProductDetailsVC.swift */,
				42FFFC092138E12B009DBFD0 /* AddParamsVC.swift */,
				42D1EB3B213D6819009D4B0B /* ProductVendorsVC.swift */,
				42D1EB3F213DBA19009D4B0B /* AddProductsToVendor.swift */,
				42EB8F632164FF3200CEF7A5 /* GroupedProductsVC.swift */,
			);
			path = Product;
			sourceTree = "<group>";
		};
		CAD98127212AD0A20035A064 /* Vendor */ = {
			isa = PBXGroup;
			children = (
				42FEE8BE2129DEF00013022B /* VendorsVC.swift */,
				42FEE8C62129F2D50013022B /* VendorDetailsVC.swift */,
				42457F4521388CB600D985A2 /* AddVendorVC.swift */,
				42D1EB39213D5DD7009D4B0B /* AddProductVendorsVC.swift */,
				42D1EB3D213D75A6009D4B0B /* VendorProductsVC.swift */,
			);
			path = Vendor;
			sourceTree = "<group>";
		};
		CAD98128212AD0B50035A064 /* Settings */ = {
			isa = PBXGroup;
			children = (
				42FEE8C02129DF100013022B /* SettingsVC.swift */,
				42457F4321388C9400D985A2 /* UpdateSettingsVC.swift */,
			);
			path = Settings;
			sourceTree = "<group>";
		};
		DC6982B55434598F0184D718 /* Frameworks */ = {
			isa = PBXGroup;
			children = (
				AA74A6D9283DFCCBDE33DFF0 /* Pods_Construction.framework */,
				A0DD9B1E0D356ED4D7D7279A /* Pods_ConstructionTests.framework */,
				6B8B3CD9C8D5E65A750AB6B3 /* Pods_ConstructionUITests.framework */,
			);
			name = Frameworks;
			sourceTree = "<group>";
		};
/* End PBXGroup section */

/* Begin PBXNativeTarget section */
		42CC6BE12127483300B06418 /* Construction */ = {
			isa = PBXNativeTarget;
			buildConfigurationList = 42CC6C0A2127484800B06418 /* Build configuration list for PBXNativeTarget "Construction" */;
			buildPhases = (
				AE0C871067A3BF421CE45FEF /* [CP] Check Pods Manifest.lock */,
				42CC6BDE2127483300B06418 /* Sources */,
				42CC6BDF2127483300B06418 /* Frameworks */,
				42CC6BE02127483300B06418 /* Resources */,
				D34B369DE8EFD87193A880B4 /* [CP] Embed Pods Frameworks */,
				87C2A92F216E65D80008458D /* ShellScript */,
			);
			buildRules = (
			);
			dependencies = (
			);
			name = Construction;
			productName = Construction;
			productReference = 42CC6BE22127483300B06418 /* Construction.app */;
			productType = "com.apple.product-type.application";
		};
		42CC6BF52127484800B06418 /* ConstructionTests */ = {
			isa = PBXNativeTarget;
			buildConfigurationList = 42CC6C0D2127484800B06418 /* Build configuration list for PBXNativeTarget "ConstructionTests" */;
			buildPhases = (
				42CC6BF22127484800B06418 /* Sources */,
				42CC6BF32127484800B06418 /* Frameworks */,
				42CC6BF42127484800B06418 /* Resources */,
			);
			buildRules = (
			);
			dependencies = (
				42CC6BF82127484800B06418 /* PBXTargetDependency */,
			);
			name = ConstructionTests;
			productName = ConstructionTests;
			productReference = 42CC6BF62127484800B06418 /* ConstructionTests.xctest */;
			productType = "com.apple.product-type.bundle.unit-test";
		};
		42CC6C002127484800B06418 /* ConstructionUITests */ = {
			isa = PBXNativeTarget;
			buildConfigurationList = 42CC6C102127484800B06418 /* Build configuration list for PBXNativeTarget "ConstructionUITests" */;
			buildPhases = (
				42CC6BFD2127484800B06418 /* Sources */,
				42CC6BFE2127484800B06418 /* Frameworks */,
				42CC6BFF2127484800B06418 /* Resources */,
			);
			buildRules = (
			);
			dependencies = (
				42CC6C032127484800B06418 /* PBXTargetDependency */,
			);
			name = ConstructionUITests;
			productName = ConstructionUITests;
			productReference = 42CC6C012127484800B06418 /* ConstructionUITests.xctest */;
			productType = "com.apple.product-type.bundle.ui-testing";
		};
/* End PBXNativeTarget section */

/* Begin PBXProject section */
		42CC6BDA2127483300B06418 /* Project object */ = {
			isa = PBXProject;
			attributes = {
				LastSwiftUpdateCheck = 0940;
				LastUpgradeCheck = 0940;
				ORGANIZATIONNAME = "Mahnoor Fatima";
				TargetAttributes = {
					42CC6BE12127483300B06418 = {
						CreatedOnToolsVersion = 9.4.1;
					};
					42CC6BF52127484800B06418 = {
						CreatedOnToolsVersion = 9.4.1;
						TestTargetID = 42CC6BE12127483300B06418;
					};
					42CC6C002127484800B06418 = {
						CreatedOnToolsVersion = 9.4.1;
						TestTargetID = 42CC6BE12127483300B06418;
					};
				};
			};
			buildConfigurationList = 42CC6BDD2127483300B06418 /* Build configuration list for PBXProject "Construction" */;
			compatibilityVersion = "Xcode 9.3";
			developmentRegion = en;
			hasScannedForEncodings = 0;
			knownRegions = (
				en,
				Base,
			);
			mainGroup = 42CC6BD92127483300B06418;
			productRefGroup = 42CC6BE32127483300B06418 /* Products */;
			projectDirPath = "";
			projectRoot = "";
			targets = (
				42CC6BE12127483300B06418 /* Construction */,
				42CC6BF52127484800B06418 /* ConstructionTests */,
				42CC6C002127484800B06418 /* ConstructionUITests */,
			);
		};
/* End PBXProject section */

/* Begin PBXResourcesBuildPhase section */
		42CC6BE02127483300B06418 /* Resources */ = {
			isa = PBXResourcesBuildPhase;
			buildActionMask = 2147483647;
			files = (
				CA1B81A02167B6DC00493B55 /* ProductMainTVCell.xib in Resources */,
				879AED6B217B403F006D9DC2 /* invoice.html in Resources */,
				42FEE8C52129EFBB0013022B /* UserInfoTVC.xib in Resources */,
				879AED6D217B403F006D9DC2 /* last_item.html in Resources */,
				879AED6C217B403F006D9DC2 /* single_item.html in Resources */,
				8778687C217FB2AA000F38B2 /* AddEstimateProductTVCell.xib in Resources */,
				42CC6BF02127484800B06418 /* LaunchScreen.storyboard in Resources */,
				42CC6BED2127484700B06418 /* Assets.xcassets in Resources */,
				872811F921ADBF120012D803 /* ProductInfoTVCell.xib in Resources */,
				87A44F7321654EC5008D043F /* NotesTVCell.xib in Resources */,
				42CC6BEB2127483400B06418 /* Main.storyboard in Resources */,
			);
			runOnlyForDeploymentPostprocessing = 0;
		};
		42CC6BF42127484800B06418 /* Resources */ = {
			isa = PBXResourcesBuildPhase;
			buildActionMask = 2147483647;
			files = (
			);
			runOnlyForDeploymentPostprocessing = 0;
		};
		42CC6BFF2127484800B06418 /* Resources */ = {
			isa = PBXResourcesBuildPhase;
			buildActionMask = 2147483647;
			files = (
			);
			runOnlyForDeploymentPostprocessing = 0;
		};
/* End PBXResourcesBuildPhase section */

/* Begin PBXShellScriptBuildPhase section */
		87C2A92F216E65D80008458D /* ShellScript */ = {
			isa = PBXShellScriptBuildPhase;
			buildActionMask = 12;
			files = (
			);
			inputFileListPaths = (
			);
			inputPaths = (
				"$(BUILT_PRODUCTS_DIR)/$(INFOPLIST_PATH)",
			);
			outputFileListPaths = (
			);
			outputPaths = (
			);
			runOnlyForDeploymentPostprocessing = 0;
			shellPath = /bin/sh;
			shellScript = "\"${PODS_ROOT}/Fabric/run\" 995e922f562aba848b631de984db4f56bf37039b 278ff73dff7f3bc363164a52990e92b9d94ca475628373e0b59dd3cd9c75c5a5\n\n";
		};
		AE0C871067A3BF421CE45FEF /* [CP] Check Pods Manifest.lock */ = {
			isa = PBXShellScriptBuildPhase;
			buildActionMask = 2147483647;
			files = (
			);
			inputPaths = (
				"${PODS_PODFILE_DIR_PATH}/Podfile.lock",
				"${PODS_ROOT}/Manifest.lock",
			);
			name = "[CP] Check Pods Manifest.lock";
			outputPaths = (
				"$(DERIVED_FILE_DIR)/Pods-Construction-checkManifestLockResult.txt",
			);
			runOnlyForDeploymentPostprocessing = 0;
			shellPath = /bin/sh;
			shellScript = "diff \"${PODS_PODFILE_DIR_PATH}/Podfile.lock\" \"${PODS_ROOT}/Manifest.lock\" > /dev/null\nif [ $? != 0 ] ; then\n    # print error to STDERR\n    echo \"error: The sandbox is not in sync with the Podfile.lock. Run 'pod install' or update your CocoaPods installation.\" >&2\n    exit 1\nfi\n# This output is used by Xcode 'outputs' to avoid re-running this script phase.\necho \"SUCCESS\" > \"${SCRIPT_OUTPUT_FILE_0}\"\n";
			showEnvVarsInLog = 0;
		};
		D34B369DE8EFD87193A880B4 /* [CP] Embed Pods Frameworks */ = {
			isa = PBXShellScriptBuildPhase;
			buildActionMask = 2147483647;
			files = (
			);
			inputPaths = (
				"${SRCROOT}/Pods/Target Support Files/Pods-Construction/Pods-Construction-frameworks.sh",
				"${BUILT_PRODUCTS_DIR}/Alamofire/Alamofire.framework",
				"${BUILT_PRODUCTS_DIR}/DateToolsSwift/DateToolsSwift.framework",
				"${BUILT_PRODUCTS_DIR}/DropDown/DropDown.framework",
				"${BUILT_PRODUCTS_DIR}/FLAnimatedImage/FLAnimatedImage.framework",
				"${BUILT_PRODUCTS_DIR}/IQKeyboardManagerSwift/IQKeyboardManagerSwift.framework",
				"${BUILT_PRODUCTS_DIR}/MarqueeLabel/MarqueeLabel.framework",
				"${BUILT_PRODUCTS_DIR}/NotificationBannerSwift/NotificationBannerSwift.framework",
				"${BUILT_PRODUCTS_DIR}/PINCache/PINCache.framework",
				"${BUILT_PRODUCTS_DIR}/PINRemoteImage/PINRemoteImage.framework",
				"${BUILT_PRODUCTS_DIR}/Parchment/Parchment.framework",
				"${BUILT_PRODUCTS_DIR}/PryntTrimmerView/PryntTrimmerView.framework",
				"${BUILT_PRODUCTS_DIR}/SKActivityIndicatorView/SKActivityIndicatorView.framework",
				"${BUILT_PRODUCTS_DIR}/SkyFloatingLabelTextField/SkyFloatingLabelTextField.framework",
				"${BUILT_PRODUCTS_DIR}/SnapKit/SnapKit.framework",
				"${BUILT_PRODUCTS_DIR}/SteviaLayout/Stevia.framework",
				"${BUILT_PRODUCTS_DIR}/SwiftValidator/SwiftValidator.framework",
				"${BUILT_PRODUCTS_DIR}/UITextView+Placeholder/UITextView_Placeholder.framework",
				"${BUILT_PRODUCTS_DIR}/YPImagePicker/YPImagePicker.framework",
			);
			name = "[CP] Embed Pods Frameworks";
			outputPaths = (
				"${TARGET_BUILD_DIR}/${FRAMEWORKS_FOLDER_PATH}/Alamofire.framework",
				"${TARGET_BUILD_DIR}/${FRAMEWORKS_FOLDER_PATH}/DateToolsSwift.framework",
				"${TARGET_BUILD_DIR}/${FRAMEWORKS_FOLDER_PATH}/DropDown.framework",
				"${TARGET_BUILD_DIR}/${FRAMEWORKS_FOLDER_PATH}/FLAnimatedImage.framework",
				"${TARGET_BUILD_DIR}/${FRAMEWORKS_FOLDER_PATH}/IQKeyboardManagerSwift.framework",
				"${TARGET_BUILD_DIR}/${FRAMEWORKS_FOLDER_PATH}/MarqueeLabel.framework",
				"${TARGET_BUILD_DIR}/${FRAMEWORKS_FOLDER_PATH}/NotificationBannerSwift.framework",
				"${TARGET_BUILD_DIR}/${FRAMEWORKS_FOLDER_PATH}/PINCache.framework",
				"${TARGET_BUILD_DIR}/${FRAMEWORKS_FOLDER_PATH}/PINRemoteImage.framework",
				"${TARGET_BUILD_DIR}/${FRAMEWORKS_FOLDER_PATH}/Parchment.framework",
				"${TARGET_BUILD_DIR}/${FRAMEWORKS_FOLDER_PATH}/PryntTrimmerView.framework",
				"${TARGET_BUILD_DIR}/${FRAMEWORKS_FOLDER_PATH}/SKActivityIndicatorView.framework",
				"${TARGET_BUILD_DIR}/${FRAMEWORKS_FOLDER_PATH}/SkyFloatingLabelTextField.framework",
				"${TARGET_BUILD_DIR}/${FRAMEWORKS_FOLDER_PATH}/SnapKit.framework",
				"${TARGET_BUILD_DIR}/${FRAMEWORKS_FOLDER_PATH}/Stevia.framework",
				"${TARGET_BUILD_DIR}/${FRAMEWORKS_FOLDER_PATH}/SwiftValidator.framework",
				"${TARGET_BUILD_DIR}/${FRAMEWORKS_FOLDER_PATH}/UITextView_Placeholder.framework",
				"${TARGET_BUILD_DIR}/${FRAMEWORKS_FOLDER_PATH}/YPImagePicker.framework",
			);
			runOnlyForDeploymentPostprocessing = 0;
			shellPath = /bin/sh;
			shellScript = "\"${SRCROOT}/Pods/Target Support Files/Pods-Construction/Pods-Construction-frameworks.sh\"\n";
			showEnvVarsInLog = 0;
		};
/* End PBXShellScriptBuildPhase section */

/* Begin PBXSourcesBuildPhase section */
		42CC6BDE2127483300B06418 /* Sources */ = {
			isa = PBXSourcesBuildPhase;
			buildActionMask = 2147483647;
			files = (
				CA991175212A9FCF0091AB7D /* NetworkManager.swift in Sources */,
				42FEE8C42129EFBB0013022B /* UserInfoTVC.swift in Sources */,
				CA1B819F2167B6DC00493B55 /* ProductMainTVCell.swift in Sources */,
				CA1B819C21674CC300493B55 /* ForcastedVolumesVC.swift in Sources */,
				42FFFC0A2138E12B009DBFD0 /* AddParamsVC.swift in Sources */,
				87566945216F9FC4005D32DE /* EstimateTVCell.swift in Sources */,
				42457F4621388CB600D985A2 /* AddVendorVC.swift in Sources */,
				8778687B217FB2AA000F38B2 /* AddEstimateProductTVCell.swift in Sources */,
				42D1EB3C213D6819009D4B0B /* ProductVendorsVC.swift in Sources */,
				872811F821ADBF120012D803 /* ProductInfoTVCell.swift in Sources */,
				879AED6F217B40BA006D9DC2 /* InvoiceComposer.swift in Sources */,
				42FEE8CB212A0AA50013022B /* ProductDetailsVC.swift in Sources */,
				42FEE8BD2129DEBE0013022B /* ProductsVC.swift in Sources */,
				42D66B46213C30A200684CF4 /* ProspectDetailsVC.swift in Sources */,
				CA991173212A9FC60091AB7D /* AlamofireRequestFetch.swift in Sources */,
				CA1B819A21674CB100493B55 /* DashboardEstimateVC.swift in Sources */,
				879AED71217B40CF006D9DC2 /* CustomPrintPageRenderer.swift in Sources */,
				879AED66217B2CCF006D9DC2 /* PDFViewVC.swift in Sources */,
				42CC6C272127727300B06418 /* EstimateVC.swift in Sources */,
				87A44F6F21654C7B008D043F /* NotesVC.swift in Sources */,
				42CC6C252127725200B06418 /* ProspectsVC.swift in Sources */,
				87A44F7521655A70008D043F /* AddNotesVC.swift in Sources */,
				42CC6BE82127483400B06418 /* SigninVC.swift in Sources */,
				42EB8F6621655E6E00CEF7A5 /* AddEstimateVC.swift in Sources */,
				42457F4421388C9400D985A2 /* UpdateSettingsVC.swift in Sources */,
				42CC6C2B212773A200B06418 /* ColorUtil.swift in Sources */,
				42FEE8C12129DF100013022B /* SettingsVC.swift in Sources */,
				42FBB377217840E000088398 /* EstimateDetailsVC.swift in Sources */,
				42FEE8C92129F8B20013022B /* CustomFunctions.swift in Sources */,
				CA1B819821674C9500493B55 /* RelativeProbabilitiesVC.swift in Sources */,
				42CC6C212127721F00B06418 /* DashboardVC.swift in Sources */,
				42D1EB3A213D5DD8009D4B0B /* AddProductVendorsVC.swift in Sources */,
				42CC6C292127728800B06418 /* MoreVC.swift in Sources */,
				42457F4821388CD300D985A2 /* AddProductVC.swift in Sources */,
				42CC6BE62127483300B06418 /* AppDelegate.swift in Sources */,
				42CC6C1F21276F1500B06418 /* Helper.swift in Sources */,
				42FEE8C72129F2D50013022B /* VendorDetailsVC.swift in Sources */,
				CA991171212A9EF60091AB7D /* Extensions.swift in Sources */,
				42D1EB40213DBA19009D4B0B /* AddProductsToVendor.swift in Sources */,
				42D66B48213C30B800684CF4 /* AddProspectVC.swift in Sources */,
				42D1EB3E213D75A6009D4B0B /* VendorProductsVC.swift in Sources */,
				87A44F7221654EC5008D043F /* NotesTVCell.swift in Sources */,
				42CC6C1D2127673700B06418 /* ConstructionTextField.swift in Sources */,
				42FEE8BF2129DEF00013022B /* VendorsVC.swift in Sources */,
				CA99117C212AA3BC0091AB7D /* Models.swift in Sources */,
				CA1B81A22167BBB100493B55 /* AddEstimateSettingsVC.swift in Sources */,
				87A44F772166BAE9008D043F /* AddEstimateFieldsCell.swift in Sources */,
				42EB8F642164FF3200CEF7A5 /* GroupedProductsVC.swift in Sources */,
			);
			runOnlyForDeploymentPostprocessing = 0;
		};
		42CC6BF22127484800B06418 /* Sources */ = {
			isa = PBXSourcesBuildPhase;
			buildActionMask = 2147483647;
			files = (
				42CC6BFB2127484800B06418 /* ConstructionTests.swift in Sources */,
			);
			runOnlyForDeploymentPostprocessing = 0;
		};
		42CC6BFD2127484800B06418 /* Sources */ = {
			isa = PBXSourcesBuildPhase;
			buildActionMask = 2147483647;
			files = (
				42CC6C062127484800B06418 /* ConstructionUITests.swift in Sources */,
			);
			runOnlyForDeploymentPostprocessing = 0;
		};
/* End PBXSourcesBuildPhase section */

/* Begin PBXTargetDependency section */
		42CC6BF82127484800B06418 /* PBXTargetDependency */ = {
			isa = PBXTargetDependency;
			target = 42CC6BE12127483300B06418 /* Construction */;
			targetProxy = 42CC6BF72127484800B06418 /* PBXContainerItemProxy */;
		};
		42CC6C032127484800B06418 /* PBXTargetDependency */ = {
			isa = PBXTargetDependency;
			target = 42CC6BE12127483300B06418 /* Construction */;
			targetProxy = 42CC6C022127484800B06418 /* PBXContainerItemProxy */;
		};
/* End PBXTargetDependency section */

/* Begin PBXVariantGroup section */
		42CC6BE92127483400B06418 /* Main.storyboard */ = {
			isa = PBXVariantGroup;
			children = (
				42CC6BEA2127483400B06418 /* Base */,
			);
			name = Main.storyboard;
			sourceTree = "<group>";
		};
		42CC6BEE2127484800B06418 /* LaunchScreen.storyboard */ = {
			isa = PBXVariantGroup;
			children = (
				42CC6BEF2127484800B06418 /* Base */,
			);
			name = LaunchScreen.storyboard;
			sourceTree = "<group>";
		};
/* End PBXVariantGroup section */

/* Begin XCBuildConfiguration section */
		42CC6C082127484800B06418 /* Debug */ = {
			isa = XCBuildConfiguration;
			buildSettings = {
				ALWAYS_SEARCH_USER_PATHS = NO;
				CLANG_ANALYZER_NONNULL = YES;
				CLANG_ANALYZER_NUMBER_OBJECT_CONVERSION = YES_AGGRESSIVE;
				CLANG_CXX_LANGUAGE_STANDARD = "gnu++14";
				CLANG_CXX_LIBRARY = "libc++";
				CLANG_ENABLE_MODULES = YES;
				CLANG_ENABLE_OBJC_ARC = YES;
				CLANG_ENABLE_OBJC_WEAK = YES;
				CLANG_WARN_BLOCK_CAPTURE_AUTORELEASING = YES;
				CLANG_WARN_BOOL_CONVERSION = YES;
				CLANG_WARN_COMMA = YES;
				CLANG_WARN_CONSTANT_CONVERSION = YES;
				CLANG_WARN_DEPRECATED_OBJC_IMPLEMENTATIONS = YES;
				CLANG_WARN_DIRECT_OBJC_ISA_USAGE = YES_ERROR;
				CLANG_WARN_DOCUMENTATION_COMMENTS = YES;
				CLANG_WARN_EMPTY_BODY = YES;
				CLANG_WARN_ENUM_CONVERSION = YES;
				CLANG_WARN_INFINITE_RECURSION = YES;
				CLANG_WARN_INT_CONVERSION = YES;
				CLANG_WARN_NON_LITERAL_NULL_CONVERSION = YES;
				CLANG_WARN_OBJC_IMPLICIT_RETAIN_SELF = YES;
				CLANG_WARN_OBJC_LITERAL_CONVERSION = YES;
				CLANG_WARN_OBJC_ROOT_CLASS = YES_ERROR;
				CLANG_WARN_RANGE_LOOP_ANALYSIS = YES;
				CLANG_WARN_STRICT_PROTOTYPES = YES;
				CLANG_WARN_SUSPICIOUS_MOVE = YES;
				CLANG_WARN_UNGUARDED_AVAILABILITY = YES_AGGRESSIVE;
				CLANG_WARN_UNREACHABLE_CODE = YES;
				CLANG_WARN__DUPLICATE_METHOD_MATCH = YES;
				CODE_SIGN_IDENTITY = "iPhone Developer";
				COPY_PHASE_STRIP = NO;
				DEBUG_INFORMATION_FORMAT = dwarf;
				ENABLE_STRICT_OBJC_MSGSEND = YES;
				ENABLE_TESTABILITY = YES;
				GCC_C_LANGUAGE_STANDARD = gnu11;
				GCC_DYNAMIC_NO_PIC = NO;
				GCC_NO_COMMON_BLOCKS = YES;
				GCC_OPTIMIZATION_LEVEL = 0;
				GCC_PREPROCESSOR_DEFINITIONS = (
					"DEBUG=1",
					"$(inherited)",
				);
				GCC_WARN_64_TO_32_BIT_CONVERSION = YES;
				GCC_WARN_ABOUT_RETURN_TYPE = YES_ERROR;
				GCC_WARN_UNDECLARED_SELECTOR = YES;
				GCC_WARN_UNINITIALIZED_AUTOS = YES_AGGRESSIVE;
				GCC_WARN_UNUSED_FUNCTION = YES;
				GCC_WARN_UNUSED_VARIABLE = YES;
				IPHONEOS_DEPLOYMENT_TARGET = 11.4;
				MTL_ENABLE_DEBUG_INFO = YES;
				ONLY_ACTIVE_ARCH = YES;
				SDKROOT = iphoneos;
				SWIFT_ACTIVE_COMPILATION_CONDITIONS = DEBUG;
				SWIFT_OPTIMIZATION_LEVEL = "-Onone";
			};
			name = Debug;
		};
		42CC6C092127484800B06418 /* Release */ = {
			isa = XCBuildConfiguration;
			buildSettings = {
				ALWAYS_SEARCH_USER_PATHS = NO;
				CLANG_ANALYZER_NONNULL = YES;
				CLANG_ANALYZER_NUMBER_OBJECT_CONVERSION = YES_AGGRESSIVE;
				CLANG_CXX_LANGUAGE_STANDARD = "gnu++14";
				CLANG_CXX_LIBRARY = "libc++";
				CLANG_ENABLE_MODULES = YES;
				CLANG_ENABLE_OBJC_ARC = YES;
				CLANG_ENABLE_OBJC_WEAK = YES;
				CLANG_WARN_BLOCK_CAPTURE_AUTORELEASING = YES;
				CLANG_WARN_BOOL_CONVERSION = YES;
				CLANG_WARN_COMMA = YES;
				CLANG_WARN_CONSTANT_CONVERSION = YES;
				CLANG_WARN_DEPRECATED_OBJC_IMPLEMENTATIONS = YES;
				CLANG_WARN_DIRECT_OBJC_ISA_USAGE = YES_ERROR;
				CLANG_WARN_DOCUMENTATION_COMMENTS = YES;
				CLANG_WARN_EMPTY_BODY = YES;
				CLANG_WARN_ENUM_CONVERSION = YES;
				CLANG_WARN_INFINITE_RECURSION = YES;
				CLANG_WARN_INT_CONVERSION = YES;
				CLANG_WARN_NON_LITERAL_NULL_CONVERSION = YES;
				CLANG_WARN_OBJC_IMPLICIT_RETAIN_SELF = YES;
				CLANG_WARN_OBJC_LITERAL_CONVERSION = YES;
				CLANG_WARN_OBJC_ROOT_CLASS = YES_ERROR;
				CLANG_WARN_RANGE_LOOP_ANALYSIS = YES;
				CLANG_WARN_STRICT_PROTOTYPES = YES;
				CLANG_WARN_SUSPICIOUS_MOVE = YES;
				CLANG_WARN_UNGUARDED_AVAILABILITY = YES_AGGRESSIVE;
				CLANG_WARN_UNREACHABLE_CODE = YES;
				CLANG_WARN__DUPLICATE_METHOD_MATCH = YES;
				CODE_SIGN_IDENTITY = "iPhone Developer";
				COPY_PHASE_STRIP = NO;
				DEBUG_INFORMATION_FORMAT = "dwarf-with-dsym";
				ENABLE_NS_ASSERTIONS = NO;
				ENABLE_STRICT_OBJC_MSGSEND = YES;
				GCC_C_LANGUAGE_STANDARD = gnu11;
				GCC_NO_COMMON_BLOCKS = YES;
				GCC_WARN_64_TO_32_BIT_CONVERSION = YES;
				GCC_WARN_ABOUT_RETURN_TYPE = YES_ERROR;
				GCC_WARN_UNDECLARED_SELECTOR = YES;
				GCC_WARN_UNINITIALIZED_AUTOS = YES_AGGRESSIVE;
				GCC_WARN_UNUSED_FUNCTION = YES;
				GCC_WARN_UNUSED_VARIABLE = YES;
				IPHONEOS_DEPLOYMENT_TARGET = 11.4;
				MTL_ENABLE_DEBUG_INFO = NO;
				SDKROOT = iphoneos;
				SWIFT_COMPILATION_MODE = wholemodule;
				SWIFT_OPTIMIZATION_LEVEL = "-O";
				VALIDATE_PRODUCT = YES;
			};
			name = Release;
		};
		42CC6C0B2127484800B06418 /* Debug */ = {
			isa = XCBuildConfiguration;
			baseConfigurationReference = CA75B2F5B3793EC2A9668F8C /* Pods-Construction.debug.xcconfig */;
			buildSettings = {
				ASSETCATALOG_COMPILER_APPICON_NAME = AppIcon;
				CODE_SIGN_IDENTITY = "iPhone Distribution";
				CODE_SIGN_STYLE = Manual;
				DEVELOPMENT_TEAM = U4862P8K87;
				INFOPLIST_FILE = "$(SRCROOT)/Construction/Property List Files/Info.plist";
				LD_RUNPATH_SEARCH_PATHS = (
					"$(inherited)",
					"@executable_path/Frameworks",
				);
				PRODUCT_BUNDLE_IDENTIFIER = com.devios.schandihus;
				PRODUCT_NAME = "$(TARGET_NAME)";
				PROVISIONING_PROFILE_SPECIFIER = "Schandihus AdHoc Profile";
				SWIFT_VERSION = 4.0;
				TARGETED_DEVICE_FAMILY = 1;
			};
			name = Debug;
		};
		42CC6C0C2127484800B06418 /* Release */ = {
			isa = XCBuildConfiguration;
			baseConfigurationReference = F8083E6FC536F3A803355250 /* Pods-Construction.release.xcconfig */;
			buildSettings = {
				ASSETCATALOG_COMPILER_APPICON_NAME = AppIcon;
				CODE_SIGN_IDENTITY = "iPhone Distribution";
				CODE_SIGN_STYLE = Manual;
				DEVELOPMENT_TEAM = U4862P8K87;
				INFOPLIST_FILE = "$(SRCROOT)/Construction/Property List Files/Info.plist";
				LD_RUNPATH_SEARCH_PATHS = (
					"$(inherited)",
					"@executable_path/Frameworks",
				);
				PRODUCT_BUNDLE_IDENTIFIER = com.devios.schandihus;
				PRODUCT_NAME = "$(TARGET_NAME)";
				PROVISIONING_PROFILE_SPECIFIER = "Schandihus AdHoc Profile";
				SWIFT_VERSION = 4.0;
				TARGETED_DEVICE_FAMILY = 1;
			};
			name = Release;
		};
		42CC6C0E2127484800B06418 /* Debug */ = {
			isa = XCBuildConfiguration;
			buildSettings = {
				ALWAYS_EMBED_SWIFT_STANDARD_LIBRARIES = YES;
				BUNDLE_LOADER = "$(TEST_HOST)";
				CODE_SIGN_STYLE = Automatic;
				DEVELOPMENT_TEAM = BN9Z5GD2CG;
				INFOPLIST_FILE = ConstructionTests/Info.plist;
				LD_RUNPATH_SEARCH_PATHS = (
					"$(inherited)",
					"@executable_path/Frameworks",
					"@loader_path/Frameworks",
				);
				PRODUCT_BUNDLE_IDENTIFIER = com.codeX.ConstructionTests;
				PRODUCT_NAME = "$(TARGET_NAME)";
				SWIFT_VERSION = 4.0;
				TARGETED_DEVICE_FAMILY = "1,2";
				TEST_HOST = "$(BUILT_PRODUCTS_DIR)/Construction.app/Construction";
			};
			name = Debug;
		};
		42CC6C0F2127484800B06418 /* Release */ = {
			isa = XCBuildConfiguration;
			buildSettings = {
				ALWAYS_EMBED_SWIFT_STANDARD_LIBRARIES = YES;
				BUNDLE_LOADER = "$(TEST_HOST)";
				CODE_SIGN_STYLE = Automatic;
				DEVELOPMENT_TEAM = BN9Z5GD2CG;
				INFOPLIST_FILE = ConstructionTests/Info.plist;
				LD_RUNPATH_SEARCH_PATHS = (
					"$(inherited)",
					"@executable_path/Frameworks",
					"@loader_path/Frameworks",
				);
				PRODUCT_BUNDLE_IDENTIFIER = com.codeX.ConstructionTests;
				PRODUCT_NAME = "$(TARGET_NAME)";
				SWIFT_VERSION = 4.0;
				TARGETED_DEVICE_FAMILY = "1,2";
				TEST_HOST = "$(BUILT_PRODUCTS_DIR)/Construction.app/Construction";
			};
			name = Release;
		};
		42CC6C112127484800B06418 /* Debug */ = {
			isa = XCBuildConfiguration;
			buildSettings = {
				ALWAYS_EMBED_SWIFT_STANDARD_LIBRARIES = YES;
				CODE_SIGN_STYLE = Automatic;
				DEVELOPMENT_TEAM = BN9Z5GD2CG;
				INFOPLIST_FILE = ConstructionUITests/Info.plist;
				LD_RUNPATH_SEARCH_PATHS = (
					"$(inherited)",
					"@executable_path/Frameworks",
					"@loader_path/Frameworks",
				);
				PRODUCT_BUNDLE_IDENTIFIER = com.codeX.ConstructionUITests;
				PRODUCT_NAME = "$(TARGET_NAME)";
				SWIFT_VERSION = 4.0;
				TARGETED_DEVICE_FAMILY = "1,2";
				TEST_TARGET_NAME = Construction;
			};
			name = Debug;
		};
		42CC6C122127484800B06418 /* Release */ = {
			isa = XCBuildConfiguration;
			buildSettings = {
				ALWAYS_EMBED_SWIFT_STANDARD_LIBRARIES = YES;
				CODE_SIGN_STYLE = Automatic;
				DEVELOPMENT_TEAM = BN9Z5GD2CG;
				INFOPLIST_FILE = ConstructionUITests/Info.plist;
				LD_RUNPATH_SEARCH_PATHS = (
					"$(inherited)",
					"@executable_path/Frameworks",
					"@loader_path/Frameworks",
				);
				PRODUCT_BUNDLE_IDENTIFIER = com.codeX.ConstructionUITests;
				PRODUCT_NAME = "$(TARGET_NAME)";
				SWIFT_VERSION = 4.0;
				TARGETED_DEVICE_FAMILY = "1,2";
				TEST_TARGET_NAME = Construction;
			};
			name = Release;
		};
/* End XCBuildConfiguration section */

/* Begin XCConfigurationList section */
		42CC6BDD2127483300B06418 /* Build configuration list for PBXProject "Construction" */ = {
			isa = XCConfigurationList;
			buildConfigurations = (
				42CC6C082127484800B06418 /* Debug */,
				42CC6C092127484800B06418 /* Release */,
			);
			defaultConfigurationIsVisible = 0;
			defaultConfigurationName = Release;
		};
		42CC6C0A2127484800B06418 /* Build configuration list for PBXNativeTarget "Construction" */ = {
			isa = XCConfigurationList;
			buildConfigurations = (
				42CC6C0B2127484800B06418 /* Debug */,
				42CC6C0C2127484800B06418 /* Release */,
			);
			defaultConfigurationIsVisible = 0;
			defaultConfigurationName = Release;
		};
		42CC6C0D2127484800B06418 /* Build configuration list for PBXNativeTarget "ConstructionTests" */ = {
			isa = XCConfigurationList;
			buildConfigurations = (
				42CC6C0E2127484800B06418 /* Debug */,
				42CC6C0F2127484800B06418 /* Release */,
			);
			defaultConfigurationIsVisible = 0;
			defaultConfigurationName = Release;
		};
		42CC6C102127484800B06418 /* Build configuration list for PBXNativeTarget "ConstructionUITests" */ = {
			isa = XCConfigurationList;
			buildConfigurations = (
				42CC6C112127484800B06418 /* Debug */,
				42CC6C122127484800B06418 /* Release */,
			);
			defaultConfigurationIsVisible = 0;
			defaultConfigurationName = Release;
		};
/* End XCConfigurationList section */
	};
	rootObject = 42CC6BDA2127483300B06418 /* Project object */;
}
